
Microsoft Visual Studio Solution File, Format Version 12.00
# Visual Studio Version 16
VisualStudioVersion = 16.0.30517.126
MinimumVisualStudioVersion = 10.0.40219.1
Project("{FAE04EC0-301F-11D3-BF4B-00C04F79EFBC}") = "Week7Arrays", "Week7Arrays\Week7Arrays.csproj", "{1ECDB601-EB83-418D-9A32-E2A4E09CD0A8}"
EndProject
Global
	GlobalSection(SolutionConfigurationPlatforms) = preSolution
		Debug|Any CPU = Debug|Any CPU
		Release|Any CPU = Release|Any CPU
	EndGlobalSection
	GlobalSection(ProjectConfigurationPlatforms) = postSolution
		{1ECDB601-EB83-418D-9A32-E2A4E09CD0A8}.Debug|Any CPU.ActiveCfg = Debug|Any CPU
		{1ECDB601-EB83-418D-9A32-E2A4E09CD0A8}.Debug|Any CPU.Build.0 = Debug|Any CPU
		{1ECDB601-EB83-418D-9A32-E2A4E09CD0A8}.Release|Any CPU.ActiveCfg = Release|Any CPU
		{1ECDB601-EB83-418D-9A32-E2A4E09CD0A8}.Release|Any CPU.Build.0 = Release|Any CPU
	EndGlobalSection
	GlobalSection(SolutionProperties) = preSolution
		HideSolutionNode = FALSE
	EndGlobalSection
	GlobalSection(ExtensibilityGlobals) = postSolution
		SolutionGuid = {1FBECC4C-6EAB-48E6-AD08-B0059B306C89}
	EndGlobalSection
EndGlobal
